
Microsoft Visual Studio Solution File, Format Version 12.00
# Visual Studio Version 17
VisualStudioVersion = 17.8.34511.84
MinimumVisualStudioVersion = 10.0.40219.1
Project("{8BC9CEB8-8B4A-11D0-8D11-00A0C91BC942}") = "Demo_Inspection", "Demo_Inspection.vcxproj", "{89C65EE3-0BD5-417D-B093-9EE2EE4E2149}"
EndProject
Global
	GlobalSection(SolutionConfigurationPlatforms) = preSolution
		Debug|x64 = Debug|x64
		Release|x64 = Release|x64
	EndGlobalSection
	GlobalSection(ProjectConfigurationPlatforms) = postSolution
		{89C65EE3-0BD5-417D-B093-9EE2EE4E2149}.Debug|x64.ActiveCfg = Debug|x64
		{89C65EE3-0BD5-417D-B093-9EE2EE4E2149}.Debug|x64.Build.0 = Debug|x64
		{89C65EE3-0BD5-417D-B093-9EE2EE4E2149}.Release|x64.ActiveCfg = Release|x64
		{89C65EE3-0BD5-417D-B093-9EE2EE4E2149}.Release|x64.Build.0 = Release|x64
	EndGlobalSection
	GlobalSection(SolutionProperties) = preSolution
		HideSolutionNode = FALSE
	EndGlobalSection
	GlobalSection(ExtensibilityGlobals) = postSolution
		SolutionGuid = {AFF155B4-D780-42F0-A3BD-B544B340BFE4}
	EndGlobalSection
EndGlobal
